{
  "version": 4,
  "terraform_version": "1.9.7",
  "serial": 208,
  "lineage": "52cae150-eb98-dff8-299f-89fc568d4ceb",
  "outputs": {
    "ec2_public_ip": {
      "value": "54.172.77.199",
      "type": "string"
    }
  },
  "resources": [
    {
      "mode": "managed",
      "type": "aws_eip",
      "name": "personal_site_eip",
      "provider": "provider[\"registry.terraform.io/hashicorp/aws\"]",
      "instances": [
        {
          "schema_version": 0,
          "attributes": {
            "address": null,
            "allocation_id": "eipalloc-02e08a429d75de21c",
            "arn": "arn:aws:ec2:us-east-1:739275461129:elastic-ip/eipalloc-02e08a429d75de21c",
            "associate_with_private_ip": null,
            "association_id": "eipassoc-00f3fcbdef16a85d9",
            "carrier_ip": "",
            "customer_owned_ip": "",
            "customer_owned_ipv4_pool": "",
            "domain": "vpc",
            "id": "eipalloc-02e08a429d75de21c",
            "instance": "i-0cda4c55522d5c585",
            "network_border_group": "us-east-1",
            "network_interface": "eni-02ae5de9d8fb80427",
            "private_dns": "ip-172-31-43-52.ec2.internal",
            "private_ip": "172.31.43.52",
            "ptr_record": "",
            "public_dns": "ec2-52-45-116-225.compute-1.amazonaws.com",
            "public_ip": "52.45.116.225",
            "public_ipv4_pool": "amazon",
            "tags": {
              "Name": "PersonalSiteEIP"
            },
            "tags_all": {
              "Name": "PersonalSiteEIP"
            },
            "timeouts": null,
            "vpc": true
          },
          "sensitive_attributes": [],
          "private": "eyJlMmJmYjczMC1lY2FhLTExZTYtOGY4OC0zNDM2M2JjN2M0YzAiOnsiZGVsZXRlIjoxODAwMDAwMDAwMDAsInJlYWQiOjkwMDAwMDAwMDAwMCwidXBkYXRlIjozMDAwMDAwMDAwMDB9fQ==",
          "dependencies": [
            "aws_iam_instance_profile.PersonalSiteInstanceProfile",
            "aws_instance.PersonalSiteEC2",
            "aws_security_group.allow_http_https_ssh"
          ]
        }
      ]
    },
    {
      "mode": "managed",
      "type": "aws_eip_association",
      "name": "eip_assoc",
      "provider": "provider[\"registry.terraform.io/hashicorp/aws\"]",
      "instances": [
        {
          "schema_version": 0,
          "attributes": {
            "allocation_id": "eipalloc-02e08a429d75de21c",
            "allow_reassociation": null,
            "id": "eipassoc-00f3fcbdef16a85d9",
            "instance_id": "i-0cda4c55522d5c585",
            "network_interface_id": "eni-02ae5de9d8fb80427",
            "private_ip_address": "172.31.43.52",
            "public_ip": "52.45.116.225"
          },
          "sensitive_attributes": [],
          "private": "bnVsbA==",
          "dependencies": [
            "aws_eip.personal_site_eip",
            "aws_iam_instance_profile.PersonalSiteInstanceProfile",
            "aws_instance.PersonalSiteEC2",
            "aws_security_group.allow_http_https_ssh"
          ]
        }
      ]
    },
    {
      "mode": "managed",
      "type": "aws_iam_instance_profile",
      "name": "PersonalSiteInstanceProfile",
      "provider": "provider[\"registry.terraform.io/hashicorp/aws\"]",
      "instances": [
        {
          "schema_version": 0,
          "attributes": {
            "arn": "arn:aws:iam::739275461129:instance-profile/PersonalSiteInstanceProfile",
            "create_date": "2024-10-08T23:22:18Z",
            "id": "PersonalSiteInstanceProfile",
            "name": "PersonalSiteInstanceProfile",
            "name_prefix": "",
            "path": "/",
            "role": "EC2AdminRole",
            "tags": null,
            "tags_all": {},
            "unique_id": "AIPA2YICAKIETHRYCPR6D"
          },
          "sensitive_attributes": [],
          "private": "bnVsbA=="
        }
      ]
    },
    {
      "mode": "managed",
      "type": "aws_instance",
      "name": "PersonalSiteEC2",
      "provider": "provider[\"registry.terraform.io/hashicorp/aws\"]",
      "instances": [
        {
          "schema_version": 1,
          "attributes": {
            "ami": "ami-0e86e20dae9224db8",
            "arn": "arn:aws:ec2:us-east-1:739275461129:instance/i-0cda4c55522d5c585",
            "associate_public_ip_address": true,
            "availability_zone": "us-east-1a",
            "capacity_reservation_specification": [
              {
                "capacity_reservation_preference": "open",
                "capacity_reservation_target": []
              }
            ],
            "cpu_core_count": 1,
            "cpu_options": [
              {
                "amd_sev_snp": "",
                "core_count": 1,
                "threads_per_core": 1
              }
            ],
            "cpu_threads_per_core": 1,
            "credit_specification": [
              {
                "cpu_credits": "standard"
              }
            ],
            "disable_api_stop": false,
            "disable_api_termination": false,
            "ebs_block_device": [],
            "ebs_optimized": false,
            "enclave_options": [
              {
                "enabled": false
              }
            ],
            "ephemeral_block_device": [],
            "get_password_data": false,
            "hibernation": false,
            "host_id": "",
            "host_resource_group_arn": null,
            "iam_instance_profile": "PersonalSiteInstanceProfile",
            "id": "i-0cda4c55522d5c585",
            "instance_initiated_shutdown_behavior": "stop",
            "instance_lifecycle": "",
            "instance_market_options": [],
            "instance_state": "running",
            "instance_type": "t2.micro",
            "ipv6_address_count": 0,
            "ipv6_addresses": [],
            "key_name": "EC2KP",
            "launch_template": [],
            "maintenance_options": [
              {
                "auto_recovery": "default"
              }
            ],
            "metadata_options": [
              {
                "http_endpoint": "enabled",
                "http_protocol_ipv6": "disabled",
                "http_put_response_hop_limit": 2,
                "http_tokens": "required",
                "instance_metadata_tags": "disabled"
              }
            ],
            "monitoring": false,
            "network_interface": [],
            "outpost_arn": "",
            "password_data": "",
            "placement_group": "",
            "placement_partition_number": 0,
            "primary_network_interface_id": "eni-02ae5de9d8fb80427",
            "private_dns": "ip-172-31-43-52.ec2.internal",
            "private_dns_name_options": [
              {
                "enable_resource_name_dns_a_record": false,
                "enable_resource_name_dns_aaaa_record": false,
                "hostname_type": "ip-name"
              }
            ],
            "private_ip": "172.31.43.52",
            "public_dns": "ec2-54-172-77-199.compute-1.amazonaws.com",
            "public_ip": "54.172.77.199",
            "root_block_device": [
              {
                "delete_on_termination": true,
                "device_name": "/dev/sda1",
                "encrypted": false,
                "iops": 100,
                "kms_key_id": "",
                "tags": null,
                "tags_all": {},
                "throughput": 0,
                "volume_id": "vol-09eb5fd2ab396bf04",
                "volume_size": 20,
                "volume_type": "gp2"
              }
            ],
            "secondary_private_ips": [],
            "security_groups": [
              "terraform-20241008232218581900000001"
            ],
            "source_dest_check": true,
            "spot_instance_request_id": "",
            "subnet_id": "subnet-0eb0454fc4a73abd1",
            "tags": {
              "Name": "PersonalSiteEC2Instance"
            },
            "tags_all": {
              "Name": "PersonalSiteEC2Instance"
            },
            "tenancy": "default",
            "timeouts": null,
            "user_data": "04673c937deac75fc9cfd89c9b1ccf18a33ebfb4",
            "user_data_base64": null,
            "user_data_replace_on_change": false,
            "volume_tags": null,
            "vpc_security_group_ids": [
              "sg-07387992d2b919d32"
            ]
          },
          "sensitive_attributes": [],
          "private": "eyJlMmJmYjczMC1lY2FhLTExZTYtOGY4OC0zNDM2M2JjN2M0YzAiOnsiY3JlYXRlIjo2MDAwMDAwMDAwMDAsImRlbGV0ZSI6MTIwMDAwMDAwMDAwMCwicmVhZCI6OTAwMDAwMDAwMDAwLCJ1cGRhdGUiOjYwMDAwMDAwMDAwMH0sInNjaGVtYV92ZXJzaW9uIjoiMSJ9",
          "dependencies": [
            "aws_iam_instance_profile.PersonalSiteInstanceProfile",
            "aws_security_group.allow_http_https_ssh"
          ]
        }
      ]
    },
    {
      "mode": "managed",
      "type": "aws_security_group",
      "name": "allow_http_https_ssh",
      "provider": "provider[\"registry.terraform.io/hashicorp/aws\"]",
      "instances": [
        {
          "schema_version": 1,
          "attributes": {
            "arn": "arn:aws:ec2:us-east-1:739275461129:security-group/sg-07387992d2b919d32",
            "description": "Allow HTTP, HTTPS, and SSH traffic",
            "egress": [
              {
                "cidr_blocks": [
                  "0.0.0.0/0"
                ],
                "description": "",
                "from_port": 0,
                "ipv6_cidr_blocks": [],
                "prefix_list_ids": [],
                "protocol": "-1",
                "security_groups": [],
                "self": false,
                "to_port": 0
              }
            ],
            "id": "sg-07387992d2b919d32",
            "ingress": [
              {
                "cidr_blocks": [
                  "0.0.0.0/0"
                ],
                "description": "Allow HTTP traffic",
                "from_port": 80,
                "ipv6_cidr_blocks": [],
                "prefix_list_ids": [],
                "protocol": "tcp",
                "security_groups": [],
                "self": false,
                "to_port": 80
              },
              {
                "cidr_blocks": [
                  "0.0.0.0/0"
                ],
                "description": "Allow HTTPS traffic",
                "from_port": 443,
                "ipv6_cidr_blocks": [],
                "prefix_list_ids": [],
                "protocol": "tcp",
                "security_groups": [],
                "self": false,
                "to_port": 443
              },
              {
                "cidr_blocks": [
                  "67.255.0.111/32"
                ],
                "description": "Allow SSH traffic",
                "from_port": 22,
                "ipv6_cidr_blocks": [],
                "prefix_list_ids": [],
                "protocol": "tcp",
                "security_groups": [],
                "self": false,
                "to_port": 22
              }
            ],
            "name": "terraform-20241008232218581900000001",
            "name_prefix": "terraform-",
            "owner_id": "739275461129",
            "revoke_rules_on_delete": false,
            "tags": {
              "Name": "PersonalSite-SecurityGroup"
            },
            "tags_all": {
              "Name": "PersonalSite-SecurityGroup"
            },
            "timeouts": null,
            "vpc_id": "vpc-007a03e7fac0217cd"
          },
          "sensitive_attributes": [],
          "private": "eyJlMmJmYjczMC1lY2FhLTExZTYtOGY4OC0zNDM2M2JjN2M0YzAiOnsiY3JlYXRlIjo2MDAwMDAwMDAwMDAsImRlbGV0ZSI6OTAwMDAwMDAwMDAwfSwic2NoZW1hX3ZlcnNpb24iOiIxIn0="
        }
      ]
    }
  ],
  "check_results": null
}
